{
  "sources": {
    "selenium-grid": {
      "path": "."
    },
    "apt": {
      "locked_version": "2.2.0"
    },
    "xvfb": {
      "locked_version": "0.0.1"
    },
    "java": {
      "locked_version": "1.15.0"
    },
    "windows": {
      "locked_version": "1.11.0"
    },
    "quoin": {
      "locked_version": "0.1.0",
      "git": "git@bitbucket.org:quoin/quoin-cookbook.git",
      "ref": "5533cde6ee226b6c894701569f35a188676b7488"
    },
    "x11vnc": {
      "locked_version": "0.2.0",
      "git": "git@bitbucket.org:quoin/x11vnc-cookbook.git",
      "ref": "bf890fbdddddf4e651988ca1c852ba149e301460"
    },
    "firefox": {
      "locked_version": "0.1.0",
      "git": "git@bitbucket.org:quoin/firefox-cookbook.git",
      "ref": "1aa5ba5782f2d8fbb3450e7ce0969312260261fc"
    },
    "aws": {
      "locked_version": "1.0.0"
    },
    "chef_handler": {
      "locked_version": "1.1.4"
    }
  }
}
